
Microsoft Visual Studio Solution File, Format Version 12.00
# Visual Studio 15
VisualStudioVersion = 15.0.27130.2024
MinimumVisualStudioVersion = 10.0.40219.1
Project("{FAE04EC0-301F-11D3-BF4B-00C04F79EFBC}") = "DiscordBotCore", "DiscordBotCore\DiscordBotCore.csproj", "{C2DDF12E-A938-4379-8D8F-0CC06424A425}"
EndProject
Global
	GlobalSection(SolutionConfigurationPlatforms) = preSolution
		Debug|Any CPU = Debug|Any CPU
		Release|Any CPU = Release|Any CPU
	EndGlobalSection
	GlobalSection(ProjectConfigurationPlatforms) = postSolution
		{C2DDF12E-A938-4379-8D8F-0CC06424A425}.Debug|Any CPU.ActiveCfg = Debug|Any CPU
		{C2DDF12E-A938-4379-8D8F-0CC06424A425}.Debug|Any CPU.Build.0 = Debug|Any CPU
		{C2DDF12E-A938-4379-8D8F-0CC06424A425}.Release|Any CPU.ActiveCfg = Release|Any CPU
		{C2DDF12E-A938-4379-8D8F-0CC06424A425}.Release|Any CPU.Build.0 = Release|Any CPU
	EndGlobalSection
	GlobalSection(SolutionProperties) = preSolution
		HideSolutionNode = FALSE
	EndGlobalSection
	GlobalSection(ExtensibilityGlobals) = postSolution
		SolutionGuid = {0A8DE65E-46FB-4E73-8181-C26390A32F0C}
	EndGlobalSection
EndGlobal
